
Microsoft Visual Studio Solution File, Format Version 12.00
# Visual Studio 15
Project("{FAE04EC0-301F-11D3-BF4B-00C04F79EFBC}") = "VisualStateManagerLearning", "VisualStateManagerLearning\VisualStateManagerLearning\VisualStateManagerLearning.csproj", "{B7193441-1921-44A2-980C-A5BCB633D636}"
EndProject
Project("{FAE04EC0-301F-11D3-BF4B-00C04F79EFBC}") = "VisualStateManagerLearning.Android", "VisualStateManagerLearning\VisualStateManagerLearning.Android\VisualStateManagerLearning.Android.csproj", "{0A83B2B0-4201-47F0-9F60-FAF778BC9B8E}"
EndProject
Project("{FAE04EC0-301F-11D3-BF4B-00C04F79EFBC}") = "VisualStateManagerLearning.iOS", "VisualStateManagerLearning\VisualStateManagerLearning.iOS\VisualStateManagerLearning.iOS.csproj", "{6993A994-A28D-4B57-AAEC-06E5513C15A6}"
EndProject
Global
	GlobalSection(SolutionConfigurationPlatforms) = preSolution
		Debug|Any CPU = Debug|Any CPU
		Release|Any CPU = Release|Any CPU
		Debug|iPhoneSimulator = Debug|iPhoneSimulator
		Release|iPhoneSimulator = Release|iPhoneSimulator
		Debug|iPhone = Debug|iPhone
		Release|iPhone = Release|iPhone
		Ad-Hoc|iPhone = Ad-Hoc|iPhone
		AppStore|iPhone = AppStore|iPhone
	EndGlobalSection
	GlobalSection(ProjectConfigurationPlatforms) = postSolution
		{B7193441-1921-44A2-980C-A5BCB633D636}.Debug|Any CPU.ActiveCfg = Debug|Any CPU
		{B7193441-1921-44A2-980C-A5BCB633D636}.Debug|Any CPU.Build.0 = Debug|Any CPU
		{B7193441-1921-44A2-980C-A5BCB633D636}.Release|Any CPU.ActiveCfg = Release|Any CPU
		{B7193441-1921-44A2-980C-A5BCB633D636}.Release|Any CPU.Build.0 = Release|Any CPU
		{B7193441-1921-44A2-980C-A5BCB633D636}.Debug|iPhoneSimulator.ActiveCfg = Debug|Any CPU
		{B7193441-1921-44A2-980C-A5BCB633D636}.Debug|iPhoneSimulator.Build.0 = Debug|Any CPU
		{B7193441-1921-44A2-980C-A5BCB633D636}.Release|iPhoneSimulator.ActiveCfg = Release|Any CPU
		{B7193441-1921-44A2-980C-A5BCB633D636}.Release|iPhoneSimulator.Build.0 = Release|Any CPU
		{B7193441-1921-44A2-980C-A5BCB633D636}.Debug|iPhone.ActiveCfg = Debug|Any CPU
		{B7193441-1921-44A2-980C-A5BCB633D636}.Debug|iPhone.Build.0 = Debug|Any CPU
		{B7193441-1921-44A2-980C-A5BCB633D636}.Release|iPhone.ActiveCfg = Release|Any CPU
		{B7193441-1921-44A2-980C-A5BCB633D636}.Release|iPhone.Build.0 = Release|Any CPU
		{B7193441-1921-44A2-980C-A5BCB633D636}.Ad-Hoc|iPhone.ActiveCfg = Debug|Any CPU
		{B7193441-1921-44A2-980C-A5BCB633D636}.Ad-Hoc|iPhone.Build.0 = Debug|Any CPU
		{B7193441-1921-44A2-980C-A5BCB633D636}.AppStore|iPhone.ActiveCfg = Debug|Any CPU
		{B7193441-1921-44A2-980C-A5BCB633D636}.AppStore|iPhone.Build.0 = Debug|Any CPU
		{0A83B2B0-4201-47F0-9F60-FAF778BC9B8E}.Debug|Any CPU.ActiveCfg = Debug|Any CPU
		{0A83B2B0-4201-47F0-9F60-FAF778BC9B8E}.Debug|Any CPU.Build.0 = Debug|Any CPU
		{0A83B2B0-4201-47F0-9F60-FAF778BC9B8E}.Release|Any CPU.ActiveCfg = Release|Any CPU
		{0A83B2B0-4201-47F0-9F60-FAF778BC9B8E}.Release|Any CPU.Build.0 = Release|Any CPU
		{0A83B2B0-4201-47F0-9F60-FAF778BC9B8E}.Debug|iPhoneSimulator.ActiveCfg = Debug|Any CPU
		{0A83B2B0-4201-47F0-9F60-FAF778BC9B8E}.Debug|iPhoneSimulator.Build.0 = Debug|Any CPU
		{0A83B2B0-4201-47F0-9F60-FAF778BC9B8E}.Release|iPhoneSimulator.ActiveCfg = Release|Any CPU
		{0A83B2B0-4201-47F0-9F60-FAF778BC9B8E}.Release|iPhoneSimulator.Build.0 = Release|Any CPU
		{0A83B2B0-4201-47F0-9F60-FAF778BC9B8E}.Debug|iPhone.ActiveCfg = Debug|Any CPU
		{0A83B2B0-4201-47F0-9F60-FAF778BC9B8E}.Debug|iPhone.Build.0 = Debug|Any CPU
		{0A83B2B0-4201-47F0-9F60-FAF778BC9B8E}.Release|iPhone.ActiveCfg = Release|Any CPU
		{0A83B2B0-4201-47F0-9F60-FAF778BC9B8E}.Release|iPhone.Build.0 = Release|Any CPU
		{0A83B2B0-4201-47F0-9F60-FAF778BC9B8E}.Ad-Hoc|iPhone.ActiveCfg = Debug|Any CPU
		{0A83B2B0-4201-47F0-9F60-FAF778BC9B8E}.Ad-Hoc|iPhone.Build.0 = Debug|Any CPU
		{0A83B2B0-4201-47F0-9F60-FAF778BC9B8E}.AppStore|iPhone.ActiveCfg = Debug|Any CPU
		{0A83B2B0-4201-47F0-9F60-FAF778BC9B8E}.AppStore|iPhone.Build.0 = Debug|Any CPU
		{6993A994-A28D-4B57-AAEC-06E5513C15A6}.Debug|Any CPU.ActiveCfg = Debug|iPhoneSimulator
		{6993A994-A28D-4B57-AAEC-06E5513C15A6}.Debug|Any CPU.Build.0 = Debug|iPhoneSimulator
		{6993A994-A28D-4B57-AAEC-06E5513C15A6}.Release|Any CPU.ActiveCfg = Release|iPhoneSimulator
		{6993A994-A28D-4B57-AAEC-06E5513C15A6}.Release|Any CPU.Build.0 = Release|iPhoneSimulator
		{6993A994-A28D-4B57-AAEC-06E5513C15A6}.Debug|iPhoneSimulator.ActiveCfg = Debug|iPhoneSimulator
		{6993A994-A28D-4B57-AAEC-06E5513C15A6}.Debug|iPhoneSimulator.Build.0 = Debug|iPhoneSimulator
		{6993A994-A28D-4B57-AAEC-06E5513C15A6}.Release|iPhoneSimulator.ActiveCfg = Release|iPhoneSimulator
		{6993A994-A28D-4B57-AAEC-06E5513C15A6}.Release|iPhoneSimulator.Build.0 = Release|iPhoneSimulator
		{6993A994-A28D-4B57-AAEC-06E5513C15A6}.Debug|iPhone.ActiveCfg = Debug|iPhone
		{6993A994-A28D-4B57-AAEC-06E5513C15A6}.Debug|iPhone.Build.0 = Debug|iPhone
		{6993A994-A28D-4B57-AAEC-06E5513C15A6}.Release|iPhone.ActiveCfg = Release|iPhone
		{6993A994-A28D-4B57-AAEC-06E5513C15A6}.Release|iPhone.Build.0 = Release|iPhone
		{6993A994-A28D-4B57-AAEC-06E5513C15A6}.Ad-Hoc|iPhone.ActiveCfg = Ad-Hoc|iPhone
		{6993A994-A28D-4B57-AAEC-06E5513C15A6}.Ad-Hoc|iPhone.Build.0 = Ad-Hoc|iPhone
		{6993A994-A28D-4B57-AAEC-06E5513C15A6}.AppStore|iPhone.ActiveCfg = AppStore|iPhone
		{6993A994-A28D-4B57-AAEC-06E5513C15A6}.AppStore|iPhone.Build.0 = AppStore|iPhone
	EndGlobalSection
EndGlobal
